
Microsoft Visual Studio Solution File, Format Version 12.00
# Visual Studio Version 17
VisualStudioVersion = 17.7.34202.233
MinimumVisualStudioVersion = 10.0.40219.1
Project("{8BC9CEB8-8B4A-11D0-8D11-00A0C91BC942}") = "problem 36", "problem 36\problem 36.vcxproj", "{8F6F0032-7F0E-46B5-84EA-7EE3EFAE1A82}"
EndProject
Global
	GlobalSection(SolutionConfigurationPlatforms) = preSolution
		Debug|x64 = Debug|x64
		Debug|x86 = Debug|x86
		Release|x64 = Release|x64
		Release|x86 = Release|x86
	EndGlobalSection
	GlobalSection(ProjectConfigurationPlatforms) = postSolution
		{8F6F0032-7F0E-46B5-84EA-7EE3EFAE1A82}.Debug|x64.ActiveCfg = Debug|x64
		{8F6F0032-7F0E-46B5-84EA-7EE3EFAE1A82}.Debug|x64.Build.0 = Debug|x64
		{8F6F0032-7F0E-46B5-84EA-7EE3EFAE1A82}.Debug|x86.ActiveCfg = Debug|Win32
		{8F6F0032-7F0E-46B5-84EA-7EE3EFAE1A82}.Debug|x86.Build.0 = Debug|Win32
		{8F6F0032-7F0E-46B5-84EA-7EE3EFAE1A82}.Release|x64.ActiveCfg = Release|x64
		{8F6F0032-7F0E-46B5-84EA-7EE3EFAE1A82}.Release|x64.Build.0 = Release|x64
		{8F6F0032-7F0E-46B5-84EA-7EE3EFAE1A82}.Release|x86.ActiveCfg = Release|Win32
		{8F6F0032-7F0E-46B5-84EA-7EE3EFAE1A82}.Release|x86.Build.0 = Release|Win32
	EndGlobalSection
	GlobalSection(SolutionProperties) = preSolution
		HideSolutionNode = FALSE
	EndGlobalSection
	GlobalSection(ExtensibilityGlobals) = postSolution
		SolutionGuid = {11003824-A432-40A4-ADE6-7D755F73C371}
	EndGlobalSection
EndGlobal
