
Microsoft Visual Studio Solution File, Format Version 12.00
# Visual Studio Version 17
VisualStudioVersion = 17.7.34202.233
MinimumVisualStudioVersion = 10.0.40219.1
Project("{8BC9CEB8-8B4A-11D0-8D11-00A0C91BC942}") = "problem 10", "problem 10\problem 10.vcxproj", "{9B67533E-D44B-4518-B5FF-C1219265860C}"
EndProject
Global
	GlobalSection(SolutionConfigurationPlatforms) = preSolution
		Debug|x64 = Debug|x64
		Debug|x86 = Debug|x86
		Release|x64 = Release|x64
		Release|x86 = Release|x86
	EndGlobalSection
	GlobalSection(ProjectConfigurationPlatforms) = postSolution
		{9B67533E-D44B-4518-B5FF-C1219265860C}.Debug|x64.ActiveCfg = Debug|x64
		{9B67533E-D44B-4518-B5FF-C1219265860C}.Debug|x64.Build.0 = Debug|x64
		{9B67533E-D44B-4518-B5FF-C1219265860C}.Debug|x86.ActiveCfg = Debug|Win32
		{9B67533E-D44B-4518-B5FF-C1219265860C}.Debug|x86.Build.0 = Debug|Win32
		{9B67533E-D44B-4518-B5FF-C1219265860C}.Release|x64.ActiveCfg = Release|x64
		{9B67533E-D44B-4518-B5FF-C1219265860C}.Release|x64.Build.0 = Release|x64
		{9B67533E-D44B-4518-B5FF-C1219265860C}.Release|x86.ActiveCfg = Release|Win32
		{9B67533E-D44B-4518-B5FF-C1219265860C}.Release|x86.Build.0 = Release|Win32
	EndGlobalSection
	GlobalSection(SolutionProperties) = preSolution
		HideSolutionNode = FALSE
	EndGlobalSection
	GlobalSection(ExtensibilityGlobals) = postSolution
		SolutionGuid = {75D6AF69-930F-4290-924B-6DB7676CCEE7}
	EndGlobalSection
EndGlobal
